
Microsoft Visual Studio Solution File, Format Version 12.00
# Visual Studio Version 16
VisualStudioVersion = 16.0.30717.126
MinimumVisualStudioVersion = 10.0.40219.1
Project("{FAE04EC0-301F-11D3-BF4B-00C04F79EFBC}") = "ADLVShop", "ADLVShop.csproj", "{5203CA7A-3AF0-447B-B937-4CC155B936E2}"
EndProject
Global
	GlobalSection(SolutionConfigurationPlatforms) = preSolution
		Debug|Any CPU = Debug|Any CPU
		Release|Any CPU = Release|Any CPU
	EndGlobalSection
	GlobalSection(ProjectConfigurationPlatforms) = postSolution
		{5203CA7A-3AF0-447B-B937-4CC155B936E2}.Debug|Any CPU.ActiveCfg = Debug|Any CPU
		{5203CA7A-3AF0-447B-B937-4CC155B936E2}.Debug|Any CPU.Build.0 = Debug|Any CPU
		{5203CA7A-3AF0-447B-B937-4CC155B936E2}.Release|Any CPU.ActiveCfg = Release|Any CPU
		{5203CA7A-3AF0-447B-B937-4CC155B936E2}.Release|Any CPU.Build.0 = Release|Any CPU
	EndGlobalSection
	GlobalSection(SolutionProperties) = preSolution
		HideSolutionNode = FALSE
	EndGlobalSection
	GlobalSection(ExtensibilityGlobals) = postSolution
		SolutionGuid = {7FE0B760-A275-4004-96BC-9B829F5305CC}
	EndGlobalSection
EndGlobal
